
Microsoft Visual Studio Solution File, Format Version 12.00
# Visual Studio Version 17
VisualStudioVersion = 17.0.31903.59
MinimumVisualStudioVersion = 10.0.40219.1
Project("{2150E333-8FDC-42A3-9474-1A3956D46DE8}") = "src", "src", "{827E0CD3-B72D-47B6-A68D-7590B98EB39B}"
EndProject
Project("{2150E333-8FDC-42A3-9474-1A3956D46DE8}") = "Core", "Core", "{8D626EA8-CB54-BC41-363A-217881BEBA6E}"
EndProject
Project("{FAE04EC0-301F-11D3-BF4B-00C04F79EFBC}") = "FairyNext.Core", "src\Core\FairyNext.Core.csproj", "{A64AD01B-196D-4742-BC32-CF151D6CCEAD}"
EndProject
Project("{FAE04EC0-301F-11D3-BF4B-00C04F79EFBC}") = "FairyNext.Contracts", "src\Contracts\FairyNext.Contracts.csproj", "{52259113-C5F6-4A18-A3CC-15EA1B26C68E}"
EndProject
Project("{FAE04EC0-301F-11D3-BF4B-00C04F79EFBC}") = "FairyNext.Compiler", "src\Compiler\FairyNext.Compiler.csproj", "{535D027F-E432-486F-94A4-C2EEBDB8F96A}"
EndProject
Project("{FAE04EC0-301F-11D3-BF4B-00C04F79EFBC}") = "FairyNext.Backend.Mock", "src\Backend.Mock\FairyNext.Backend.Mock.csproj", "{2564B96B-E097-43F0-98EA-266F897ED922}"
EndProject
Project("{FAE04EC0-301F-11D3-BF4B-00C04F79EFBC}") = "FairyNext.Tests", "tests\FairyNext.Tests\FairyNext.Tests.csproj", "{7BD5E0A9-D5CD-415F-A116-2748D866154D}"
EndProject
Project("{FAE04EC0-301F-11D3-BF4B-00C04F79EFBC}") = "FairyNext.Numerics", "src\Numerics\FairyNext.Numerics.csproj", "{5FFC26DE-1A44-409B-9F3C-B626234556B8}"
EndProject
Project("{2150E333-8FDC-42A3-9474-1A3956D46DE8}") = "State", "State", "{7076C03D-09BC-4523-3707-272786A9BFEB}"
EndProject
Project("{FAE04EC0-301F-11D3-BF4B-00C04F79EFBC}") = "FairyNext.State", "src\State\FairyNext.State.csproj", "{31F86A57-242D-4316-BA24-DB5E8CD3B3CA}"
EndProject
Project("{2150E333-8FDC-42A3-9474-1A3956D46DE8}") = "tools", "tools", "{07C2787E-EAC7-C090-1BA3-A61EC2A24D84}"
EndProject
Project("{2150E333-8FDC-42A3-9474-1A3956D46DE8}") = "AbiGen.Core", "AbiGen.Core", "{678340EF-1D10-198B-BB8A-2B9930DB7ECC}"
EndProject
Project("{FAE04EC0-301F-11D3-BF4B-00C04F79EFBC}") = "FairyNext.AbiGen.Core", "tools\AbiGen.Core\FairyNext.AbiGen.Core.csproj", "{C8D9E9CD-5DC1-4864-96F9-469C643772A6}"
EndProject
Project("{FAE04EC0-301F-11D3-BF4B-00C04F79EFBC}") = "FairyNext.AbiGen", "tools\AbiGen\FairyNext.AbiGen.csproj", "{4112D9C4-6422-4AA1-9A1B-057CC2529F14}"
EndProject
Project("{FAE04EC0-301F-11D3-BF4B-00C04F79EFBC}") = "FairyNext.Tools.OracleCompare", "src\Tools.OracleCompare\FairyNext.Tools.OracleCompare.csproj", "{567CD22D-A9EB-434E-AFB0-A4329184A096}"
EndProject
Global
	GlobalSection(SolutionConfigurationPlatforms) = preSolution
		Debug|Any CPU = Debug|Any CPU
		Debug|x64 = Debug|x64
		Debug|x86 = Debug|x86
		Release|Any CPU = Release|Any CPU
		Release|x64 = Release|x64
		Release|x86 = Release|x86
	EndGlobalSection
	GlobalSection(ProjectConfigurationPlatforms) = postSolution
		{A64AD01B-196D-4742-BC32-CF151D6CCEAD}.Debug|Any CPU.ActiveCfg = Debug|Any CPU
		{A64AD01B-196D-4742-BC32-CF151D6CCEAD}.Debug|Any CPU.Build.0 = Debug|Any CPU
		{A64AD01B-196D-4742-BC32-CF151D6CCEAD}.Debug|x64.ActiveCfg = Debug|Any CPU
		{A64AD01B-196D-4742-BC32-CF151D6CCEAD}.Debug|x64.Build.0 = Debug|Any CPU
		{A64AD01B-196D-4742-BC32-CF151D6CCEAD}.Debug|x86.ActiveCfg = Debug|Any CPU
		{A64AD01B-196D-4742-BC32-CF151D6CCEAD}.Debug|x86.Build.0 = Debug|Any CPU
		{A64AD01B-196D-4742-BC32-CF151D6CCEAD}.Release|Any CPU.ActiveCfg = Release|Any CPU
		{A64AD01B-196D-4742-BC32-CF151D6CCEAD}.Release|Any CPU.Build.0 = Release|Any CPU
		{A64AD01B-196D-4742-BC32-CF151D6CCEAD}.Release|x64.ActiveCfg = Release|Any CPU
		{A64AD01B-196D-4742-BC32-CF151D6CCEAD}.Release|x64.Build.0 = Release|Any CPU
		{A64AD01B-196D-4742-BC32-CF151D6CCEAD}.Release|x86.ActiveCfg = Release|Any CPU
		{A64AD01B-196D-4742-BC32-CF151D6CCEAD}.Release|x86.Build.0 = Release|Any CPU
		{52259113-C5F6-4A18-A3CC-15EA1B26C68E}.Debug|Any CPU.ActiveCfg = Debug|Any CPU
		{52259113-C5F6-4A18-A3CC-15EA1B26C68E}.Debug|Any CPU.Build.0 = Debug|Any CPU
		{52259113-C5F6-4A18-A3CC-15EA1B26C68E}.Debug|x64.ActiveCfg = Debug|Any CPU
		{52259113-C5F6-4A18-A3CC-15EA1B26C68E}.Debug|x64.Build.0 = Debug|Any CPU
		{52259113-C5F6-4A18-A3CC-15EA1B26C68E}.Debug|x86.ActiveCfg = Debug|Any CPU
		{52259113-C5F6-4A18-A3CC-15EA1B26C68E}.Debug|x86.Build.0 = Debug|Any CPU
		{52259113-C5F6-4A18-A3CC-15EA1B26C68E}.Release|Any CPU.ActiveCfg = Release|Any CPU
		{52259113-C5F6-4A18-A3CC-15EA1B26C68E}.Release|Any CPU.Build.0 = Release|Any CPU
		{52259113-C5F6-4A18-A3CC-15EA1B26C68E}.Release|x64.ActiveCfg = Release|Any CPU
		{52259113-C5F6-4A18-A3CC-15EA1B26C68E}.Release|x64.Build.0 = Release|Any CPU
		{52259113-C5F6-4A18-A3CC-15EA1B26C68E}.Release|x86.ActiveCfg = Release|Any CPU
		{52259113-C5F6-4A18-A3CC-15EA1B26C68E}.Release|x86.Build.0 = Release|Any CPU
		{535D027F-E432-486F-94A4-C2EEBDB8F96A}.Debug|Any CPU.ActiveCfg = Debug|Any CPU
		{535D027F-E432-486F-94A4-C2EEBDB8F96A}.Debug|Any CPU.Build.0 = Debug|Any CPU
		{535D027F-E432-486F-94A4-C2EEBDB8F96A}.Debug|x64.ActiveCfg = Debug|Any CPU
		{535D027F-E432-486F-94A4-C2EEBDB8F96A}.Debug|x64.Build.0 = Debug|Any CPU
		{535D027F-E432-486F-94A4-C2EEBDB8F96A}.Debug|x86.ActiveCfg = Debug|Any CPU
		{535D027F-E432-486F-94A4-C2EEBDB8F96A}.Debug|x86.Build.0 = Debug|Any CPU
		{535D027F-E432-486F-94A4-C2EEBDB8F96A}.Release|Any CPU.ActiveCfg = Release|Any CPU
		{535D027F-E432-486F-94A4-C2EEBDB8F96A}.Release|Any CPU.Build.0 = Release|Any CPU
		{535D027F-E432-486F-94A4-C2EEBDB8F96A}.Release|x64.ActiveCfg = Release|Any CPU
		{535D027F-E432-486F-94A4-C2EEBDB8F96A}.Release|x64.Build.0 = Release|Any CPU
		{535D027F-E432-486F-94A4-C2EEBDB8F96A}.Release|x86.ActiveCfg = Release|Any CPU
		{535D027F-E432-486F-94A4-C2EEBDB8F96A}.Release|x86.Build.0 = Release|Any CPU
		{2564B96B-E097-43F0-98EA-266F897ED922}.Debug|Any CPU.ActiveCfg = Debug|Any CPU
		{2564B96B-E097-43F0-98EA-266F897ED922}.Debug|Any CPU.Build.0 = Debug|Any CPU
		{2564B96B-E097-43F0-98EA-266F897ED922}.Debug|x64.ActiveCfg = Debug|Any CPU
		{2564B96B-E097-43F0-98EA-266F897ED922}.Debug|x64.Build.0 = Debug|Any CPU
		{2564B96B-E097-43F0-98EA-266F897ED922}.Debug|x86.ActiveCfg = Debug|Any CPU
		{2564B96B-E097-43F0-98EA-266F897ED922}.Debug|x86.Build.0 = Debug|Any CPU
		{2564B96B-E097-43F0-98EA-266F897ED922}.Release|Any CPU.ActiveCfg = Release|Any CPU
		{2564B96B-E097-43F0-98EA-266F897ED922}.Release|Any CPU.Build.0 = Release|Any CPU
		{2564B96B-E097-43F0-98EA-266F897ED922}.Release|x64.ActiveCfg = Release|Any CPU
		{2564B96B-E097-43F0-98EA-266F897ED922}.Release|x64.Build.0 = Release|Any CPU
		{2564B96B-E097-43F0-98EA-266F897ED922}.Release|x86.ActiveCfg = Release|Any CPU
		{2564B96B-E097-43F0-98EA-266F897ED922}.Release|x86.Build.0 = Release|Any CPU
		{7BD5E0A9-D5CD-415F-A116-2748D866154D}.Debug|Any CPU.ActiveCfg = Debug|Any CPU
		{7BD5E0A9-D5CD-415F-A116-2748D866154D}.Debug|Any CPU.Build.0 = Debug|Any CPU
		{7BD5E0A9-D5CD-415F-A116-2748D866154D}.Debug|x64.ActiveCfg = Debug|Any CPU
		{7BD5E0A9-D5CD-415F-A116-2748D866154D}.Debug|x64.Build.0 = Debug|Any CPU
		{7BD5E0A9-D5CD-415F-A116-2748D866154D}.Debug|x86.ActiveCfg = Debug|Any CPU
		{7BD5E0A9-D5CD-415F-A116-2748D866154D}.Debug|x86.Build.0 = Debug|Any CPU
		{7BD5E0A9-D5CD-415F-A116-2748D866154D}.Release|Any CPU.ActiveCfg = Release|Any CPU
		{7BD5E0A9-D5CD-415F-A116-2748D866154D}.Release|Any CPU.Build.0 = Release|Any CPU
		{7BD5E0A9-D5CD-415F-A116-2748D866154D}.Release|x64.ActiveCfg = Release|Any CPU
		{7BD5E0A9-D5CD-415F-A116-2748D866154D}.Release|x64.Build.0 = Release|Any CPU
		{7BD5E0A9-D5CD-415F-A116-2748D866154D}.Release|x86.ActiveCfg = Release|Any CPU
		{7BD5E0A9-D5CD-415F-A116-2748D866154D}.Release|x86.Build.0 = Release|Any CPU
		{5FFC26DE-1A44-409B-9F3C-B626234556B8}.Debug|Any CPU.ActiveCfg = Debug|Any CPU
		{5FFC26DE-1A44-409B-9F3C-B626234556B8}.Debug|Any CPU.Build.0 = Debug|Any CPU
		{5FFC26DE-1A44-409B-9F3C-B626234556B8}.Debug|x64.ActiveCfg = Debug|Any CPU
		{5FFC26DE-1A44-409B-9F3C-B626234556B8}.Debug|x64.Build.0 = Debug|Any CPU
		{5FFC26DE-1A44-409B-9F3C-B626234556B8}.Debug|x86.ActiveCfg = Debug|Any CPU
		{5FFC26DE-1A44-409B-9F3C-B626234556B8}.Debug|x86.Build.0 = Debug|Any CPU
		{5FFC26DE-1A44-409B-9F3C-B626234556B8}.Release|Any CPU.ActiveCfg = Release|Any CPU
		{5FFC26DE-1A44-409B-9F3C-B626234556B8}.Release|Any CPU.Build.0 = Release|Any CPU
		{5FFC26DE-1A44-409B-9F3C-B626234556B8}.Release|x64.ActiveCfg = Release|Any CPU
		{5FFC26DE-1A44-409B-9F3C-B626234556B8}.Release|x64.Build.0 = Release|Any CPU
		{5FFC26DE-1A44-409B-9F3C-B626234556B8}.Release|x86.ActiveCfg = Release|Any CPU
		{5FFC26DE-1A44-409B-9F3C-B626234556B8}.Release|x86.Build.0 = Release|Any CPU
		{31F86A57-242D-4316-BA24-DB5E8CD3B3CA}.Debug|Any CPU.ActiveCfg = Debug|Any CPU
		{31F86A57-242D-4316-BA24-DB5E8CD3B3CA}.Debug|Any CPU.Build.0 = Debug|Any CPU
		{31F86A57-242D-4316-BA24-DB5E8CD3B3CA}.Debug|x64.ActiveCfg = Debug|Any CPU
		{31F86A57-242D-4316-BA24-DB5E8CD3B3CA}.Debug|x64.Build.0 = Debug|Any CPU
		{31F86A57-242D-4316-BA24-DB5E8CD3B3CA}.Debug|x86.ActiveCfg = Debug|Any CPU
		{31F86A57-242D-4316-BA24-DB5E8CD3B3CA}.Debug|x86.Build.0 = Debug|Any CPU
		{31F86A57-242D-4316-BA24-DB5E8CD3B3CA}.Release|Any CPU.ActiveCfg = Release|Any CPU
		{31F86A57-242D-4316-BA24-DB5E8CD3B3CA}.Release|Any CPU.Build.0 = Release|Any CPU
		{31F86A57-242D-4316-BA24-DB5E8CD3B3CA}.Release|x64.ActiveCfg = Release|Any CPU
		{31F86A57-242D-4316-BA24-DB5E8CD3B3CA}.Release|x64.Build.0 = Release|Any CPU
		{31F86A57-242D-4316-BA24-DB5E8CD3B3CA}.Release|x86.ActiveCfg = Release|Any CPU
		{31F86A57-242D-4316-BA24-DB5E8CD3B3CA}.Release|x86.Build.0 = Release|Any CPU
		{C8D9E9CD-5DC1-4864-96F9-469C643772A6}.Debug|Any CPU.ActiveCfg = Debug|Any CPU
		{C8D9E9CD-5DC1-4864-96F9-469C643772A6}.Debug|Any CPU.Build.0 = Debug|Any CPU
		{C8D9E9CD-5DC1-4864-96F9-469C643772A6}.Debug|x64.ActiveCfg = Debug|Any CPU
		{C8D9E9CD-5DC1-4864-96F9-469C643772A6}.Debug|x64.Build.0 = Debug|Any CPU
		{C8D9E9CD-5DC1-4864-96F9-469C643772A6}.Debug|x86.ActiveCfg = Debug|Any CPU
		{C8D9E9CD-5DC1-4864-96F9-469C643772A6}.Debug|x86.Build.0 = Debug|Any CPU
		{C8D9E9CD-5DC1-4864-96F9-469C643772A6}.Release|Any CPU.ActiveCfg = Release|Any CPU
		{C8D9E9CD-5DC1-4864-96F9-469C643772A6}.Release|Any CPU.Build.0 = Release|Any CPU
		{C8D9E9CD-5DC1-4864-96F9-469C643772A6}.Release|x64.ActiveCfg = Release|Any CPU
		{C8D9E9CD-5DC1-4864-96F9-469C643772A6}.Release|x64.Build.0 = Release|Any CPU
		{C8D9E9CD-5DC1-4864-96F9-469C643772A6}.Release|x86.ActiveCfg = Release|Any CPU
		{C8D9E9CD-5DC1-4864-96F9-469C643772A6}.Release|x86.Build.0 = Release|Any CPU
		{4112D9C4-6422-4AA1-9A1B-057CC2529F14}.Debug|Any CPU.ActiveCfg = Debug|Any CPU
		{4112D9C4-6422-4AA1-9A1B-057CC2529F14}.Debug|Any CPU.Build.0 = Debug|Any CPU
		{4112D9C4-6422-4AA1-9A1B-057CC2529F14}.Debug|x64.ActiveCfg = Debug|Any CPU
		{4112D9C4-6422-4AA1-9A1B-057CC2529F14}.Debug|x64.Build.0 = Debug|Any CPU
		{4112D9C4-6422-4AA1-9A1B-057CC2529F14}.Debug|x86.ActiveCfg = Debug|Any CPU
		{4112D9C4-6422-4AA1-9A1B-057CC2529F14}.Debug|x86.Build.0 = Debug|Any CPU
		{4112D9C4-6422-4AA1-9A1B-057CC2529F14}.Release|Any CPU.ActiveCfg = Release|Any CPU
		{4112D9C4-6422-4AA1-9A1B-057CC2529F14}.Release|Any CPU.Build.0 = Release|Any CPU
		{4112D9C4-6422-4AA1-9A1B-057CC2529F14}.Release|x64.ActiveCfg = Release|Any CPU
		{4112D9C4-6422-4AA1-9A1B-057CC2529F14}.Release|x64.Build.0 = Release|Any CPU
		{4112D9C4-6422-4AA1-9A1B-057CC2529F14}.Release|x86.ActiveCfg = Release|Any CPU
		{4112D9C4-6422-4AA1-9A1B-057CC2529F14}.Release|x86.Build.0 = Release|Any CPU
		{567CD22D-A9EB-434E-AFB0-A4329184A096}.Debug|Any CPU.ActiveCfg = Debug|Any CPU
		{567CD22D-A9EB-434E-AFB0-A4329184A096}.Debug|Any CPU.Build.0 = Debug|Any CPU
		{567CD22D-A9EB-434E-AFB0-A4329184A096}.Debug|x64.ActiveCfg = Debug|Any CPU
		{567CD22D-A9EB-434E-AFB0-A4329184A096}.Debug|x64.Build.0 = Debug|Any CPU
		{567CD22D-A9EB-434E-AFB0-A4329184A096}.Debug|x86.ActiveCfg = Debug|Any CPU
		{567CD22D-A9EB-434E-AFB0-A4329184A096}.Debug|x86.Build.0 = Debug|Any CPU
		{567CD22D-A9EB-434E-AFB0-A4329184A096}.Release|Any CPU.ActiveCfg = Release|Any CPU
		{567CD22D-A9EB-434E-AFB0-A4329184A096}.Release|Any CPU.Build.0 = Release|Any CPU
		{567CD22D-A9EB-434E-AFB0-A4329184A096}.Release|x64.ActiveCfg = Release|Any CPU
		{567CD22D-A9EB-434E-AFB0-A4329184A096}.Release|x64.Build.0 = Release|Any CPU
		{567CD22D-A9EB-434E-AFB0-A4329184A096}.Release|x86.ActiveCfg = Release|Any CPU
		{567CD22D-A9EB-434E-AFB0-A4329184A096}.Release|x86.Build.0 = Release|Any CPU
	EndGlobalSection
	GlobalSection(SolutionProperties) = preSolution
		HideSolutionNode = FALSE
	EndGlobalSection
	GlobalSection(NestedProjects) = preSolution
		{8D626EA8-CB54-BC41-363A-217881BEBA6E} = {827E0CD3-B72D-47B6-A68D-7590B98EB39B}
		{A64AD01B-196D-4742-BC32-CF151D6CCEAD} = {8D626EA8-CB54-BC41-363A-217881BEBA6E}
		{52259113-C5F6-4A18-A3CC-15EA1B26C68E} = {8D626EA8-CB54-BC41-363A-217881BEBA6E}
		{535D027F-E432-486F-94A4-C2EEBDB8F96A} = {8D626EA8-CB54-BC41-363A-217881BEBA6E}
		{2564B96B-E097-43F0-98EA-266F897ED922} = {8D626EA8-CB54-BC41-363A-217881BEBA6E}
		{7BD5E0A9-D5CD-415F-A116-2748D866154D} = {8D626EA8-CB54-BC41-363A-217881BEBA6E}
		{5FFC26DE-1A44-409B-9F3C-B626234556B8} = {8D626EA8-CB54-BC41-363A-217881BEBA6E}
		{7076C03D-09BC-4523-3707-272786A9BFEB} = {827E0CD3-B72D-47B6-A68D-7590B98EB39B}
		{31F86A57-242D-4316-BA24-DB5E8CD3B3CA} = {7076C03D-09BC-4523-3707-272786A9BFEB}
		{678340EF-1D10-198B-BB8A-2B9930DB7ECC} = {07C2787E-EAC7-C090-1BA3-A61EC2A24D84}
		{C8D9E9CD-5DC1-4864-96F9-469C643772A6} = {678340EF-1D10-198B-BB8A-2B9930DB7ECC}
		{4112D9C4-6422-4AA1-9A1B-057CC2529F14} = {678340EF-1D10-198B-BB8A-2B9930DB7ECC}
		{567CD22D-A9EB-434E-AFB0-A4329184A096} = {827E0CD3-B72D-47B6-A68D-7590B98EB39B}
	EndGlobalSection
EndGlobal
