
Microsoft Visual Studio Solution File, Format Version 12.00
# Visual Studio Version 17
VisualStudioVersion = 17.0.31903.59
MinimumVisualStudioVersion = 10.0.40219.1
Project("{2150E333-8FDC-42A3-9474-1A3956D46DE8}") = "src", "src", "{827E0CD3-B72D-47B6-A68D-7590B98EB39B}"
EndProject
Project("{2150E333-8FDC-42A3-9474-1A3956D46DE8}") = "Core", "Core", "{8D626EA8-CB54-BC41-363A-217881BEBA6E}"
EndProject
Project("{FAE04EC0-301F-11D3-BF4B-00C04F79EFBC}") = "FairyNext.Core", "src\Core\FairyNext.Core.csproj", "{A64AD01B-196D-4742-BC32-CF151D6CCEAD}"
EndProject
Project("{FAE04EC0-301F-11D3-BF4B-00C04F79EFBC}") = "FairyNext.Contracts", "src\Contracts\FairyNext.Contracts.csproj", "{52259113-C5F6-4A18-A3CC-15EA1B26C68E}"
EndProject
Project("{FAE04EC0-301F-11D3-BF4B-00C04F79EFBC}") = "FairyNext.Compiler", "src\Compiler\FairyNext.Compiler.csproj", "{535D027F-E432-486F-94A4-C2EEBDB8F96A}"
EndProject
Project("{FAE04EC0-301F-11D3-BF4B-00C04F79EFBC}") = "FairyNext.Backend.Mock", "src\Backend.Mock\FairyNext.Backend.Mock.csproj", "{2564B96B-E097-43F0-98EA-266F897ED922}"
EndProject
Project("{FAE04EC0-301F-11D3-BF4B-00C04F79EFBC}") = "FairyNext.Tests", "tests\FairyNext.Tests\FairyNext.Tests.csproj", "{7BD5E0A9-D5CD-415F-A116-2748D866154D}"
EndProject
Project("{FAE04EC0-301F-11D3-BF4B-00C04F79EFBC}") = "FairyNext.Numerics", "src\Numerics\FairyNext.Numerics.csproj", "{5FFC26DE-1A44-409B-9F3C-B626234556B8}"
EndProject
Global
	GlobalSection(SolutionConfigurationPlatforms) = preSolution
		Debug|Any CPU = Debug|Any CPU
		Debug|x64 = Debug|x64
		Debug|x86 = Debug|x86
		Release|Any CPU = Release|Any CPU
		Release|x64 = Release|x64
		Release|x86 = Release|x86
	EndGlobalSection
	GlobalSection(ProjectConfigurationPlatforms) = postSolution
		{A64AD01B-196D-4742-BC32-CF151D6CCEAD}.Debug|Any CPU.ActiveCfg = Debug|Any CPU
		{A64AD01B-196D-4742-BC32-CF151D6CCEAD}.Debug|Any CPU.Build.0 = Debug|Any CPU
		{A64AD01B-196D-4742-BC32-CF151D6CCEAD}.Debug|x64.ActiveCfg = Debug|Any CPU
		{A64AD01B-196D-4742-BC32-CF151D6CCEAD}.Debug|x64.Build.0 = Debug|Any CPU
		{A64AD01B-196D-4742-BC32-CF151D6CCEAD}.Debug|x86.ActiveCfg = Debug|Any CPU
		{A64AD01B-196D-4742-BC32-CF151D6CCEAD}.Debug|x86.Build.0 = Debug|Any CPU
		{A64AD01B-196D-4742-BC32-CF151D6CCEAD}.Release|Any CPU.ActiveCfg = Release|Any CPU
		{A64AD01B-196D-4742-BC32-CF151D6CCEAD}.Release|Any CPU.Build.0 = Release|Any CPU
		{A64AD01B-196D-4742-BC32-CF151D6CCEAD}.Release|x64.ActiveCfg = Release|Any CPU
		{A64AD01B-196D-4742-BC32-CF151D6CCEAD}.Release|x64.Build.0 = Release|Any CPU
		{A64AD01B-196D-4742-BC32-CF151D6CCEAD}.Release|x86.ActiveCfg = Release|Any CPU
		{A64AD01B-196D-4742-BC32-CF151D6CCEAD}.Release|x86.Build.0 = Release|Any CPU
		{52259113-C5F6-4A18-A3CC-15EA1B26C68E}.Debug|Any CPU.ActiveCfg = Debug|Any CPU
		{52259113-C5F6-4A18-A3CC-15EA1B26C68E}.Debug|Any CPU.Build.0 = Debug|Any CPU
		{52259113-C5F6-4A18-A3CC-15EA1B26C68E}.Debug|x64.ActiveCfg = Debug|Any CPU
		{52259113-C5F6-4A18-A3CC-15EA1B26C68E}.Debug|x64.Build.0 = Debug|Any CPU
		{52259113-C5F6-4A18-A3CC-15EA1B26C68E}.Debug|x86.ActiveCfg = Debug|Any CPU
		{52259113-C5F6-4A18-A3CC-15EA1B26C68E}.Debug|x86.Build.0 = Debug|Any CPU
		{52259113-C5F6-4A18-A3CC-15EA1B26C68E}.Release|Any CPU.ActiveCfg = Release|Any CPU
		{52259113-C5F6-4A18-A3CC-15EA1B26C68E}.Release|Any CPU.Build.0 = Release|Any CPU
		{52259113-C5F6-4A18-A3CC-15EA1B26C68E}.Release|x64.ActiveCfg = Release|Any CPU
		{52259113-C5F6-4A18-A3CC-15EA1B26C68E}.Release|x64.Build.0 = Release|Any CPU
		{52259113-C5F6-4A18-A3CC-15EA1B26C68E}.Release|x86.ActiveCfg = Release|Any CPU
		{52259113-C5F6-4A18-A3CC-15EA1B26C68E}.Release|x86.Build.0 = Release|Any CPU
		{535D027F-E432-486F-94A4-C2EEBDB8F96A}.Debug|Any CPU.ActiveCfg = Debug|Any CPU
		{535D027F-E432-486F-94A4-C2EEBDB8F96A}.Debug|Any CPU.Build.0 = Debug|Any CPU
		{535D027F-E432-486F-94A4-C2EEBDB8F96A}.Debug|x64.ActiveCfg = Debug|Any CPU
		{535D027F-E432-486F-94A4-C2EEBDB8F96A}.Debug|x64.Build.0 = Debug|Any CPU
		{535D027F-E432-486F-94A4-C2EEBDB8F96A}.Debug|x86.ActiveCfg = Debug|Any CPU
		{535D027F-E432-486F-94A4-C2EEBDB8F96A}.Debug|x86.Build.0 = Debug|Any CPU
		{535D027F-E432-486F-94A4-C2EEBDB8F96A}.Release|Any CPU.ActiveCfg = Release|Any CPU
		{535D027F-E432-486F-94A4-C2EEBDB8F96A}.Release|Any CPU.Build.0 = Release|Any CPU
		{535D027F-E432-486F-94A4-C2EEBDB8F96A}.Release|x64.ActiveCfg = Release|Any CPU
		{535D027F-E432-486F-94A4-C2EEBDB8F96A}.Release|x64.Build.0 = Release|Any CPU
		{535D027F-E432-486F-94A4-C2EEBDB8F96A}.Release|x86.ActiveCfg = Release|Any CPU
		{535D027F-E432-486F-94A4-C2EEBDB8F96A}.Release|x86.Build.0 = Release|Any CPU
		{2564B96B-E097-43F0-98EA-266F897ED922}.Debug|Any CPU.ActiveCfg = Debug|Any CPU
		{2564B96B-E097-43F0-98EA-266F897ED922}.Debug|Any CPU.Build.0 = Debug|Any CPU
		{2564B96B-E097-43F0-98EA-266F897ED922}.Debug|x64.ActiveCfg = Debug|Any CPU
		{2564B96B-E097-43F0-98EA-266F897ED922}.Debug|x64.Build.0 = Debug|Any CPU
		{2564B96B-E097-43F0-98EA-266F897ED922}.Debug|x86.ActiveCfg = Debug|Any CPU
		{2564B96B-E097-43F0-98EA-266F897ED922}.Debug|x86.Build.0 = Debug|Any CPU
		{2564B96B-E097-43F0-98EA-266F897ED922}.Release|Any CPU.ActiveCfg = Release|Any CPU
		{2564B96B-E097-43F0-98EA-266F897ED922}.Release|Any CPU.Build.0 = Release|Any CPU
		{2564B96B-E097-43F0-98EA-266F897ED922}.Release|x64.ActiveCfg = Release|Any CPU
		{2564B96B-E097-43F0-98EA-266F897ED922}.Release|x64.Build.0 = Release|Any CPU
		{2564B96B-E097-43F0-98EA-266F897ED922}.Release|x86.ActiveCfg = Release|Any CPU
		{2564B96B-E097-43F0-98EA-266F897ED922}.Release|x86.Build.0 = Release|Any CPU
		{7BD5E0A9-D5CD-415F-A116-2748D866154D}.Debug|Any CPU.ActiveCfg = Debug|Any CPU
		{7BD5E0A9-D5CD-415F-A116-2748D866154D}.Debug|Any CPU.Build.0 = Debug|Any CPU
		{7BD5E0A9-D5CD-415F-A116-2748D866154D}.Debug|x64.ActiveCfg = Debug|Any CPU
		{7BD5E0A9-D5CD-415F-A116-2748D866154D}.Debug|x64.Build.0 = Debug|Any CPU
		{7BD5E0A9-D5CD-415F-A116-2748D866154D}.Debug|x86.ActiveCfg = Debug|Any CPU
		{7BD5E0A9-D5CD-415F-A116-2748D866154D}.Debug|x86.Build.0 = Debug|Any CPU
		{7BD5E0A9-D5CD-415F-A116-2748D866154D}.Release|Any CPU.ActiveCfg = Release|Any CPU
		{7BD5E0A9-D5CD-415F-A116-2748D866154D}.Release|Any CPU.Build.0 = Release|Any CPU
		{7BD5E0A9-D5CD-415F-A116-2748D866154D}.Release|x64.ActiveCfg = Release|Any CPU
		{7BD5E0A9-D5CD-415F-A116-2748D866154D}.Release|x64.Build.0 = Release|Any CPU
		{7BD5E0A9-D5CD-415F-A116-2748D866154D}.Release|x86.ActiveCfg = Release|Any CPU
		{7BD5E0A9-D5CD-415F-A116-2748D866154D}.Release|x86.Build.0 = Release|Any CPU
		{5FFC26DE-1A44-409B-9F3C-B626234556B8}.Debug|Any CPU.ActiveCfg = Debug|Any CPU
		{5FFC26DE-1A44-409B-9F3C-B626234556B8}.Debug|Any CPU.Build.0 = Debug|Any CPU
		{5FFC26DE-1A44-409B-9F3C-B626234556B8}.Debug|x64.ActiveCfg = Debug|Any CPU
		{5FFC26DE-1A44-409B-9F3C-B626234556B8}.Debug|x64.Build.0 = Debug|Any CPU
		{5FFC26DE-1A44-409B-9F3C-B626234556B8}.Debug|x86.ActiveCfg = Debug|Any CPU
		{5FFC26DE-1A44-409B-9F3C-B626234556B8}.Debug|x86.Build.0 = Debug|Any CPU
		{5FFC26DE-1A44-409B-9F3C-B626234556B8}.Release|Any CPU.ActiveCfg = Release|Any CPU
		{5FFC26DE-1A44-409B-9F3C-B626234556B8}.Release|Any CPU.Build.0 = Release|Any CPU
		{5FFC26DE-1A44-409B-9F3C-B626234556B8}.Release|x64.ActiveCfg = Release|Any CPU
		{5FFC26DE-1A44-409B-9F3C-B626234556B8}.Release|x64.Build.0 = Release|Any CPU
		{5FFC26DE-1A44-409B-9F3C-B626234556B8}.Release|x86.ActiveCfg = Release|Any CPU
		{5FFC26DE-1A44-409B-9F3C-B626234556B8}.Release|x86.Build.0 = Release|Any CPU
	EndGlobalSection
	GlobalSection(SolutionProperties) = preSolution
		HideSolutionNode = FALSE
	EndGlobalSection
	GlobalSection(NestedProjects) = preSolution
		{8D626EA8-CB54-BC41-363A-217881BEBA6E} = {827E0CD3-B72D-47B6-A68D-7590B98EB39B}
		{A64AD01B-196D-4742-BC32-CF151D6CCEAD} = {8D626EA8-CB54-BC41-363A-217881BEBA6E}
		{52259113-C5F6-4A18-A3CC-15EA1B26C68E} = {8D626EA8-CB54-BC41-363A-217881BEBA6E}
		{535D027F-E432-486F-94A4-C2EEBDB8F96A} = {8D626EA8-CB54-BC41-363A-217881BEBA6E}
		{2564B96B-E097-43F0-98EA-266F897ED922} = {8D626EA8-CB54-BC41-363A-217881BEBA6E}
		{7BD5E0A9-D5CD-415F-A116-2748D866154D} = {8D626EA8-CB54-BC41-363A-217881BEBA6E}
		{5FFC26DE-1A44-409B-9F3C-B626234556B8} = {8D626EA8-CB54-BC41-363A-217881BEBA6E}
	EndGlobalSection
EndGlobal
